%{"apex": {:package, "0.3.0"},
  "cowboy": {:package, "1.0.0"},
  "cowlib": {:package, "1.0.0"},
  "hackney": {:git, "git://github.com/benoitc/hackney.git", "fd2158b39b0aa139bb90f0c867f246ddfec072e6", []},
  "httpoison": {:package, "0.3.2"},
  "idna": {:git, "git://github.com/benoitc/erlang-idna.git", "21aa158b7f36bf2a000f12fe40d7f21eece9cf65", [tag: "hackney-0.11.2"]},
  "inflex": {:package, "0.2.4"},
  "jazz": {:package, "0.2.0"},
  "linguist": {:package, "0.1.1"},
  "phoenix": {:git, "git://github.com/phoenixframework/phoenix.git", "d388a1add3a8a0ded946e951c3931a182418cc84", []},
  "plug": {:package, "0.5.3"},
  "ranch": {:package, "1.0.0"},
  "socket": {:package, "0.2.7"},
  "timex": {:package, "0.11.0"}}
