%{"apex": {:package, "0.3.0"},
  "cowboy": {:package, "1.0.0"},
  "cowlib": {:package, "1.0.0"},
  "ex2ms": {:package, "1.2.0"},
  "ex_rated": {:package, "0.0.1"},
  "hackney": {:git, "git://github.com/benoitc/hackney.git", "c5af75c883c10a036d5c8de15daacd1a3b7d27de", []},
  "httpoison": {:package, "0.3.2"},
  "idna": {:git, "git://github.com/benoitc/erlang-idna.git", "5089240e653ce254273da9cff57952a60b1d2c51", [tag: "1.0.1"]},
  "inflex": {:package, "0.2.4"},
  "jazz": {:package, "0.2.0"},
  "linguist": {:package, "0.1.1"},
  "phoenix": {:git, "git://github.com/phoenixframework/phoenix.git", "7159a1c8f69199bcbc4357eaa67d44565f61cfc1", []},
  "plug": {:package, "0.6.0"},
  "ranch": {:package, "1.0.0"},
  "ratelimiter": {:git, "git://github.com/Gromina/raterlimiter.git", "15fa23f4911924bea9ba17d891824ba25188894e", []},
  "socket": {:package, "0.2.7"},
  "timex": {:package, "0.12.4"}}
